// !$*UTF8*$!
{
	archiveVersion = 1;
	classes = {
	};
	objectVersion = 56;
	objects = {

/* Begin PBXBuildFile section */
		560C57B32AEB507E00E85AFE /* AppDelegate.swift in Sources */ = {isa = PBXBuildFile; fileRef = 560C57B22AEB507E00E85AFE /* AppDelegate.swift */; };
		560C57B52AEB507E00E85AFE /* SceneDelegate.swift in Sources */ = {isa = PBXBuildFile; fileRef = 560C57B42AEB507E00E85AFE /* SceneDelegate.swift */; };
		560C57B72AEB507E00E85AFE /* MainTabBarViewController.swift in Sources */ = {isa = PBXBuildFile; fileRef = 560C57B62AEB507E00E85AFE /* MainTabBarViewController.swift */; };
		560C57BC2AEB508000E85AFE /* Assets.xcassets in Resources */ = {isa = PBXBuildFile; fileRef = 560C57BB2AEB508000E85AFE /* Assets.xcassets */; };
		560C57BF2AEB508000E85AFE /* LaunchScreen.storyboard in Resources */ = {isa = PBXBuildFile; fileRef = 560C57BD2AEB508000E85AFE /* LaunchScreen.storyboard */; };
		560C57C82AEB574500E85AFE /* FirebaseAuth in Frameworks */ = {isa = PBXBuildFile; productRef = 560C57C72AEB574500E85AFE /* FirebaseAuth */; };
		560C57CA2AEB574500E85AFE /* FirebaseFirestore in Frameworks */ = {isa = PBXBuildFile; productRef = 560C57C92AEB574500E85AFE /* FirebaseFirestore */; };
		560C57CD2AEB57DF00E85AFE /* SDWebImage in Frameworks */ = {isa = PBXBuildFile; productRef = 560C57CC2AEB57DF00E85AFE /* SDWebImage */; };
		560C57CF2AEB57DF00E85AFE /* SDWebImageMapKit in Frameworks */ = {isa = PBXBuildFile; productRef = 560C57CE2AEB57DF00E85AFE /* SDWebImageMapKit */; };
		560C57D22AEB59AA00E85AFE /* HomeViewController.swift in Sources */ = {isa = PBXBuildFile; fileRef = 560C57D12AEB59AA00E85AFE /* HomeViewController.swift */; };
		560C57D42AEB59F100E85AFE /* SearchViewController.swift in Sources */ = {isa = PBXBuildFile; fileRef = 560C57D32AEB59F100E85AFE /* SearchViewController.swift */; };
		560C57D62AEB5A1700E85AFE /* UpcomingViewController.swift in Sources */ = {isa = PBXBuildFile; fileRef = 560C57D52AEB5A1700E85AFE /* UpcomingViewController.swift */; };
		560C57D82AEB5A3C00E85AFE /* DownloadsViewController.swift in Sources */ = {isa = PBXBuildFile; fileRef = 560C57D72AEB5A3C00E85AFE /* DownloadsViewController.swift */; };
		560C57DF2AEB644800E85AFE /* CollectionViewTableViewCell.swift in Sources */ = {isa = PBXBuildFile; fileRef = 560C57DE2AEB644700E85AFE /* CollectionViewTableViewCell.swift */; };
		560C57E12AEBEFB200E85AFE /* HeroHeaderUIView.swift in Sources */ = {isa = PBXBuildFile; fileRef = 560C57E02AEBEFB200E85AFE /* HeroHeaderUIView.swift */; };
		560C57E32AEC013400E85AFE /* Extensions.swift in Sources */ = {isa = PBXBuildFile; fileRef = 560C57E22AEC013400E85AFE /* Extensions.swift */; };
		560C57E52AEC024200E85AFE /* MovieService.swift in Sources */ = {isa = PBXBuildFile; fileRef = 560C57E42AEC024200E85AFE /* MovieService.swift */; };
		560C57E72AEC1A1600E85AFE /* Title.swift in Sources */ = {isa = PBXBuildFile; fileRef = 560C57E62AEC1A1600E85AFE /* Title.swift */; };
		560C57E92AEC2CEB00E85AFE /* TitleCollectionViewCell.swift in Sources */ = {isa = PBXBuildFile; fileRef = 560C57E82AEC2CEB00E85AFE /* TitleCollectionViewCell.swift */; };
		565629982AEC6F3300B9E06B /* TitleTableViewCell.swift in Sources */ = {isa = PBXBuildFile; fileRef = 565629972AEC6F3300B9E06B /* TitleTableViewCell.swift */; };
		5656299A2AEC768800B9E06B /* TitleViewModel.swift in Sources */ = {isa = PBXBuildFile; fileRef = 565629992AEC768800B9E06B /* TitleViewModel.swift */; };
		565629AE2AF0104600B9E06B /* InitialView.swift in Sources */ = {isa = PBXBuildFile; fileRef = 565629AD2AF0104600B9E06B /* InitialView.swift */; };
		565629B02AF0106800B9E06B /* InitialViewController.swift in Sources */ = {isa = PBXBuildFile; fileRef = 565629AF2AF0106800B9E06B /* InitialViewController.swift */; };
		565629B32AF018E900B9E06B /* LoginViewController.swift in Sources */ = {isa = PBXBuildFile; fileRef = 565629B22AF018E900B9E06B /* LoginViewController.swift */; };
		565629B52AF0190600B9E06B /* LoginScreen.swift in Sources */ = {isa = PBXBuildFile; fileRef = 565629B42AF0190600B9E06B /* LoginScreen.swift */; };
		77E3B60192F61920E308E3DD /* Pods_ProjetoAppBatelMovie.framework in Frameworks */ = {isa = PBXBuildFile; fileRef = EFDA7B7A972351BF4288335D /* Pods_ProjetoAppBatelMovie.framework */; };
/* End PBXBuildFile section */

/* Begin PBXFileReference section */
		375FB5B897CE0C424D15F14D /* Pods-ProjetoAppBatelMovie.debug.xcconfig */ = {isa = PBXFileReference; includeInIndex = 1; lastKnownFileType = text.xcconfig; name = "Pods-ProjetoAppBatelMovie.debug.xcconfig"; path = "Target Support Files/Pods-ProjetoAppBatelMovie/Pods-ProjetoAppBatelMovie.debug.xcconfig"; sourceTree = "<group>"; };
		560C57AF2AEB507E00E85AFE /* ProjetoAppBatelMovie.app */ = {isa = PBXFileReference; explicitFileType = wrapper.application; includeInIndex = 0; path = ProjetoAppBatelMovie.app; sourceTree = BUILT_PRODUCTS_DIR; };
		560C57B22AEB507E00E85AFE /* AppDelegate.swift */ = {isa = PBXFileReference; lastKnownFileType = sourcecode.swift; path = AppDelegate.swift; sourceTree = "<group>"; };
		560C57B42AEB507E00E85AFE /* SceneDelegate.swift */ = {isa = PBXFileReference; lastKnownFileType = sourcecode.swift; path = SceneDelegate.swift; sourceTree = "<group>"; };
		560C57B62AEB507E00E85AFE /* MainTabBarViewController.swift */ = {isa = PBXFileReference; lastKnownFileType = sourcecode.swift; path = MainTabBarViewController.swift; sourceTree = "<group>"; };
		560C57BB2AEB508000E85AFE /* Assets.xcassets */ = {isa = PBXFileReference; lastKnownFileType = folder.assetcatalog; path = Assets.xcassets; sourceTree = "<group>"; };
		560C57BE2AEB508000E85AFE /* Base */ = {isa = PBXFileReference; lastKnownFileType = file.storyboard; name = Base; path = Base.lproj/LaunchScreen.storyboard; sourceTree = "<group>"; };
		560C57C02AEB508000E85AFE /* Info.plist */ = {isa = PBXFileReference; lastKnownFileType = text.plist.xml; path = Info.plist; sourceTree = "<group>"; };
		560C57D12AEB59AA00E85AFE /* HomeViewController.swift */ = {isa = PBXFileReference; lastKnownFileType = sourcecode.swift; path = HomeViewController.swift; sourceTree = "<group>"; };
		560C57D32AEB59F100E85AFE /* SearchViewController.swift */ = {isa = PBXFileReference; lastKnownFileType = sourcecode.swift; path = SearchViewController.swift; sourceTree = "<group>"; };
		560C57D52AEB5A1700E85AFE /* UpcomingViewController.swift */ = {isa = PBXFileReference; lastKnownFileType = sourcecode.swift; path = UpcomingViewController.swift; sourceTree = "<group>"; };
		560C57D72AEB5A3C00E85AFE /* DownloadsViewController.swift */ = {isa = PBXFileReference; lastKnownFileType = sourcecode.swift; path = DownloadsViewController.swift; sourceTree = "<group>"; };
		560C57DE2AEB644700E85AFE /* CollectionViewTableViewCell.swift */ = {isa = PBXFileReference; lastKnownFileType = sourcecode.swift; path = CollectionViewTableViewCell.swift; sourceTree = "<group>"; };
		560C57E02AEBEFB200E85AFE /* HeroHeaderUIView.swift */ = {isa = PBXFileReference; lastKnownFileType = sourcecode.swift; path = HeroHeaderUIView.swift; sourceTree = "<group>"; };
		560C57E22AEC013400E85AFE /* Extensions.swift */ = {isa = PBXFileReference; lastKnownFileType = sourcecode.swift; path = Extensions.swift; sourceTree = "<group>"; };
		560C57E42AEC024200E85AFE /* MovieService.swift */ = {isa = PBXFileReference; lastKnownFileType = sourcecode.swift; path = MovieService.swift; sourceTree = "<group>"; };
		560C57E62AEC1A1600E85AFE /* Title.swift */ = {isa = PBXFileReference; lastKnownFileType = sourcecode.swift; path = Title.swift; sourceTree = "<group>"; };
		560C57E82AEC2CEB00E85AFE /* TitleCollectionViewCell.swift */ = {isa = PBXFileReference; lastKnownFileType = sourcecode.swift; path = TitleCollectionViewCell.swift; sourceTree = "<group>"; };
		565629972AEC6F3300B9E06B /* TitleTableViewCell.swift */ = {isa = PBXFileReference; lastKnownFileType = sourcecode.swift; path = TitleTableViewCell.swift; sourceTree = "<group>"; };
		565629992AEC768800B9E06B /* TitleViewModel.swift */ = {isa = PBXFileReference; lastKnownFileType = sourcecode.swift; path = TitleViewModel.swift; sourceTree = "<group>"; };
		565629AD2AF0104600B9E06B /* InitialView.swift */ = {isa = PBXFileReference; lastKnownFileType = sourcecode.swift; path = InitialView.swift; sourceTree = "<group>"; };
		565629AF2AF0106800B9E06B /* InitialViewController.swift */ = {isa = PBXFileReference; lastKnownFileType = sourcecode.swift; path = InitialViewController.swift; sourceTree = "<group>"; };
		565629B22AF018E900B9E06B /* LoginViewController.swift */ = {isa = PBXFileReference; lastKnownFileType = sourcecode.swift; path = LoginViewController.swift; sourceTree = "<group>"; };
		565629B42AF0190600B9E06B /* LoginScreen.swift */ = {isa = PBXFileReference; lastKnownFileType = sourcecode.swift; path = LoginScreen.swift; sourceTree = "<group>"; };
		6F6E4B94A499D3ECF508BE69 /* Pods-ProjetoAppBatelMovie.release.xcconfig */ = {isa = PBXFileReference; includeInIndex = 1; lastKnownFileType = text.xcconfig; name = "Pods-ProjetoAppBatelMovie.release.xcconfig"; path = "Target Support Files/Pods-ProjetoAppBatelMovie/Pods-ProjetoAppBatelMovie.release.xcconfig"; sourceTree = "<group>"; };
		EFDA7B7A972351BF4288335D /* Pods_ProjetoAppBatelMovie.framework */ = {isa = PBXFileReference; explicitFileType = wrapper.framework; includeInIndex = 0; path = Pods_ProjetoAppBatelMovie.framework; sourceTree = BUILT_PRODUCTS_DIR; };
/* End PBXFileReference section */

/* Begin PBXFrameworksBuildPhase section */
		560C57AC2AEB507E00E85AFE /* Frameworks */ = {
			isa = PBXFrameworksBuildPhase;
			buildActionMask = 2147483647;
			files = (
				77E3B60192F61920E308E3DD /* Pods_ProjetoAppBatelMovie.framework in Frameworks */,
				560C57CF2AEB57DF00E85AFE /* SDWebImageMapKit in Frameworks */,
				560C57C82AEB574500E85AFE /* FirebaseAuth in Frameworks */,
				560C57CD2AEB57DF00E85AFE /* SDWebImage in Frameworks */,
				560C57CA2AEB574500E85AFE /* FirebaseFirestore in Frameworks */,
			);
			runOnlyForDeploymentPostprocessing = 0;
		};
/* End PBXFrameworksBuildPhase section */

/* Begin PBXGroup section */
		560C57A62AEB507E00E85AFE = {
			isa = PBXGroup;
			children = (
				565629B12AF018C900B9E06B /* Login */,
				565629AC2AF0101000B9E06B /* Initial */,
				560C57B12AEB507E00E85AFE /* ProjetoAppBatelMovie */,
				560C57B02AEB507E00E85AFE /* Products */,
				D2D85929FD4B18431630E678 /* Pods */,
				BB3A47B1E53D60E0BD4F8843 /* Frameworks */,
			);
			sourceTree = "<group>";
		};
		560C57B02AEB507E00E85AFE /* Products */ = {
			isa = PBXGroup;
			children = (
				560C57AF2AEB507E00E85AFE /* ProjetoAppBatelMovie.app */,
			);
			name = Products;
			sourceTree = "<group>";
		};
		560C57B12AEB507E00E85AFE /* ProjetoAppBatelMovie */ = {
			isa = PBXGroup;
			children = (
				560C57DD2AEB63E600E85AFE /* Managers */,
				560C57DC2AEB632E00E85AFE /* Resources */,
				560C57DB2AEB623F00E85AFE /* Models */,
				560C57DA2AEB623300E85AFE /* Views */,
				560C57D92AEB622700E85AFE /* ViewModel */,
				560C57D02AEB591E00E85AFE /* Controllers */,
				560C57B22AEB507E00E85AFE /* AppDelegate.swift */,
				560C57B42AEB507E00E85AFE /* SceneDelegate.swift */,
				560C57BB2AEB508000E85AFE /* Assets.xcassets */,
				560C57BD2AEB508000E85AFE /* LaunchScreen.storyboard */,
				560C57C02AEB508000E85AFE /* Info.plist */,
			);
			path = ProjetoAppBatelMovie;
			sourceTree = "<group>";
		};
		560C57D02AEB591E00E85AFE /* Controllers */ = {
			isa = PBXGroup;
			children = (
				560C57B62AEB507E00E85AFE /* MainTabBarViewController.swift */,
				560C57D12AEB59AA00E85AFE /* HomeViewController.swift */,
				560C57D52AEB5A1700E85AFE /* UpcomingViewController.swift */,
				560C57D32AEB59F100E85AFE /* SearchViewController.swift */,
				560C57D72AEB5A3C00E85AFE /* DownloadsViewController.swift */,
			);
			path = Controllers;
			sourceTree = "<group>";
		};
		560C57D92AEB622700E85AFE /* ViewModel */ = {
			isa = PBXGroup;
			children = (
				565629992AEC768800B9E06B /* TitleViewModel.swift */,
			);
			path = ViewModel;
			sourceTree = "<group>";
		};
		560C57DA2AEB623300E85AFE /* Views */ = {
			isa = PBXGroup;
			children = (
				560C57DE2AEB644700E85AFE /* CollectionViewTableViewCell.swift */,
				560C57E02AEBEFB200E85AFE /* HeroHeaderUIView.swift */,
				560C57E82AEC2CEB00E85AFE /* TitleCollectionViewCell.swift */,
				565629972AEC6F3300B9E06B /* TitleTableViewCell.swift */,
			);
			path = Views;
			sourceTree = "<group>";
		};
		560C57DB2AEB623F00E85AFE /* Models */ = {
			isa = PBXGroup;
			children = (
				560C57E62AEC1A1600E85AFE /* Title.swift */,
			);
			path = Models;
			sourceTree = "<group>";
		};
		560C57DC2AEB632E00E85AFE /* Resources */ = {
			isa = PBXGroup;
			children = (
				560C57E22AEC013400E85AFE /* Extensions.swift */,
			);
			path = Resources;
			sourceTree = "<group>";
		};
		560C57DD2AEB63E600E85AFE /* Managers */ = {
			isa = PBXGroup;
			children = (
				560C57E42AEC024200E85AFE /* MovieService.swift */,
			);
			path = Managers;
			sourceTree = "<group>";
		};
		565629AC2AF0101000B9E06B /* Initial */ = {
			isa = PBXGroup;
			children = (
				565629AD2AF0104600B9E06B /* InitialView.swift */,
				565629AF2AF0106800B9E06B /* InitialViewController.swift */,
			);
			path = Initial;
			sourceTree = "<group>";
		};
		565629B12AF018C900B9E06B /* Login */ = {
			isa = PBXGroup;
			children = (
				565629B42AF0190600B9E06B /* LoginScreen.swift */,
				565629B22AF018E900B9E06B /* LoginViewController.swift */,
			);
			path = Login;
			sourceTree = "<group>";
		};
		BB3A47B1E53D60E0BD4F8843 /* Frameworks */ = {
			isa = PBXGroup;
			children = (
				EFDA7B7A972351BF4288335D /* Pods_ProjetoAppBatelMovie.framework */,
			);
			name = Frameworks;
			sourceTree = "<group>";
		};
		D2D85929FD4B18431630E678 /* Pods */ = {
			isa = PBXGroup;
			children = (
				375FB5B897CE0C424D15F14D /* Pods-ProjetoAppBatelMovie.debug.xcconfig */,
				6F6E4B94A499D3ECF508BE69 /* Pods-ProjetoAppBatelMovie.release.xcconfig */,
			);
			path = Pods;
			sourceTree = "<group>";
		};
/* End PBXGroup section */

/* Begin PBXNativeTarget section */
		560C57AE2AEB507E00E85AFE /* ProjetoAppBatelMovie */ = {
			isa = PBXNativeTarget;
			buildConfigurationList = 560C57C32AEB508000E85AFE /* Build configuration list for PBXNativeTarget "ProjetoAppBatelMovie" */;
			buildPhases = (
				5412547516C419B019DD4D32 /* [CP] Check Pods Manifest.lock */,
				560C57AB2AEB507E00E85AFE /* Sources */,
				560C57AC2AEB507E00E85AFE /* Frameworks */,
				560C57AD2AEB507E00E85AFE /* Resources */,
			);
			buildRules = (
			);
			dependencies = (
			);
			name = ProjetoAppBatelMovie;
			packageProductDependencies = (
				560C57C72AEB574500E85AFE /* FirebaseAuth */,
				560C57C92AEB574500E85AFE /* FirebaseFirestore */,
				560C57CC2AEB57DF00E85AFE /* SDWebImage */,
				560C57CE2AEB57DF00E85AFE /* SDWebImageMapKit */,
			);
			productName = ProjetoAppBatelMovie;
			productReference = 560C57AF2AEB507E00E85AFE /* ProjetoAppBatelMovie.app */;
			productType = "com.apple.product-type.application";
		};
/* End PBXNativeTarget section */

/* Begin PBXProject section */
		560C57A72AEB507E00E85AFE /* Project object */ = {
			isa = PBXProject;
			attributes = {
				BuildIndependentTargetsInParallel = 1;
				LastSwiftUpdateCheck = 1400;
				LastUpgradeCheck = 1400;
				TargetAttributes = {
					560C57AE2AEB507E00E85AFE = {
						CreatedOnToolsVersion = 14.0.1;
					};
				};
			};
			buildConfigurationList = 560C57AA2AEB507E00E85AFE /* Build configuration list for PBXProject "ProjetoAppBatelMovie" */;
			compatibilityVersion = "Xcode 14.0";
			developmentRegion = en;
			hasScannedForEncodings = 0;
			knownRegions = (
				en,
				Base,
			);
			mainGroup = 560C57A62AEB507E00E85AFE;
			packageReferences = (
				560C57C62AEB574500E85AFE /* XCRemoteSwiftPackageReference "firebase-ios-sdk" */,
				560C57CB2AEB57DF00E85AFE /* XCRemoteSwiftPackageReference "SDWebImage" */,
			);
			productRefGroup = 560C57B02AEB507E00E85AFE /* Products */;
			projectDirPath = "";
			projectRoot = "";
			targets = (
				560C57AE2AEB507E00E85AFE /* ProjetoAppBatelMovie */,
			);
		};
/* End PBXProject section */

/* Begin PBXResourcesBuildPhase section */
		560C57AD2AEB507E00E85AFE /* Resources */ = {
			isa = PBXResourcesBuildPhase;
			buildActionMask = 2147483647;
			files = (
				560C57BF2AEB508000E85AFE /* LaunchScreen.storyboard in Resources */,
				560C57BC2AEB508000E85AFE /* Assets.xcassets in Resources */,
			);
			runOnlyForDeploymentPostprocessing = 0;
		};
/* End PBXResourcesBuildPhase section */

/* Begin PBXShellScriptBuildPhase section */
		5412547516C419B019DD4D32 /* [CP] Check Pods Manifest.lock */ = {
			isa = PBXShellScriptBuildPhase;
			buildActionMask = 2147483647;
			files = (
			);
			inputFileListPaths = (
			);
			inputPaths = (
				"${PODS_PODFILE_DIR_PATH}/Podfile.lock",
				"${PODS_ROOT}/Manifest.lock",
			);
			name = "[CP] Check Pods Manifest.lock";
			outputFileListPaths = (
			);
			outputPaths = (
				"$(DERIVED_FILE_DIR)/Pods-ProjetoAppBatelMovie-checkManifestLockResult.txt",
			);
			runOnlyForDeploymentPostprocessing = 0;
			shellPath = /bin/sh;
			shellScript = "diff \"${PODS_PODFILE_DIR_PATH}/Podfile.lock\" \"${PODS_ROOT}/Manifest.lock\" > /dev/null\nif [ $? != 0 ] ; then\n    # print error to STDERR\n    echo \"error: The sandbox is not in sync with the Podfile.lock. Run 'pod install' or update your CocoaPods installation.\" >&2\n    exit 1\nfi\n# This output is used by Xcode 'outputs' to avoid re-running this script phase.\necho \"SUCCESS\" > \"${SCRIPT_OUTPUT_FILE_0}\"\n";
			showEnvVarsInLog = 0;
		};
/* End PBXShellScriptBuildPhase section */

/* Begin PBXSourcesBuildPhase section */
		560C57AB2AEB507E00E85AFE /* Sources */ = {
			isa = PBXSourcesBuildPhase;
			buildActionMask = 2147483647;
			files = (
				565629B32AF018E900B9E06B /* LoginViewController.swift in Sources */,
				565629982AEC6F3300B9E06B /* TitleTableViewCell.swift in Sources */,
				565629AE2AF0104600B9E06B /* InitialView.swift in Sources */,
				560C57D62AEB5A1700E85AFE /* UpcomingViewController.swift in Sources */,
				560C57E92AEC2CEB00E85AFE /* TitleCollectionViewCell.swift in Sources */,
				560C57D42AEB59F100E85AFE /* SearchViewController.swift in Sources */,
				560C57DF2AEB644800E85AFE /* CollectionViewTableViewCell.swift in Sources */,
				560C57E12AEBEFB200E85AFE /* HeroHeaderUIView.swift in Sources */,
				565629B02AF0106800B9E06B /* InitialViewController.swift in Sources */,
				560C57E72AEC1A1600E85AFE /* Title.swift in Sources */,
				560C57D82AEB5A3C00E85AFE /* DownloadsViewController.swift in Sources */,
				560C57E32AEC013400E85AFE /* Extensions.swift in Sources */,
				560C57B72AEB507E00E85AFE /* MainTabBarViewController.swift in Sources */,
				560C57B32AEB507E00E85AFE /* AppDelegate.swift in Sources */,
				560C57B52AEB507E00E85AFE /* SceneDelegate.swift in Sources */,
				560C57D22AEB59AA00E85AFE /* HomeViewController.swift in Sources */,
				560C57E52AEC024200E85AFE /* MovieService.swift in Sources */,
				565629B52AF0190600B9E06B /* LoginScreen.swift in Sources */,
				5656299A2AEC768800B9E06B /* TitleViewModel.swift in Sources */,
			);
			runOnlyForDeploymentPostprocessing = 0;
		};
/* End PBXSourcesBuildPhase section */

/* Begin PBXVariantGroup section */
		560C57BD2AEB508000E85AFE /* LaunchScreen.storyboard */ = {
			isa = PBXVariantGroup;
			children = (
				560C57BE2AEB508000E85AFE /* Base */,
			);
			name = LaunchScreen.storyboard;
			sourceTree = "<group>";
		};
/* End PBXVariantGroup section */

/* Begin XCBuildConfiguration section */
		560C57C12AEB508000E85AFE /* Debug */ = {
			isa = XCBuildConfiguration;
			buildSettings = {
				ALWAYS_SEARCH_USER_PATHS = NO;
				CLANG_ANALYZER_NONNULL = YES;
				CLANG_ANALYZER_NUMBER_OBJECT_CONVERSION = YES_AGGRESSIVE;
				CLANG_CXX_LANGUAGE_STANDARD = "gnu++20";
				CLANG_ENABLE_MODULES = YES;
				CLANG_ENABLE_OBJC_ARC = YES;
				CLANG_ENABLE_OBJC_WEAK = YES;
				CLANG_WARN_BLOCK_CAPTURE_AUTORELEASING = YES;
				CLANG_WARN_BOOL_CONVERSION = YES;
				CLANG_WARN_COMMA = YES;
				CLANG_WARN_CONSTANT_CONVERSION = YES;
				CLANG_WARN_DEPRECATED_OBJC_IMPLEMENTATIONS = YES;
				CLANG_WARN_DIRECT_OBJC_ISA_USAGE = YES_ERROR;
				CLANG_WARN_DOCUMENTATION_COMMENTS = YES;
				CLANG_WARN_EMPTY_BODY = YES;
				CLANG_WARN_ENUM_CONVERSION = YES;
				CLANG_WARN_INFINITE_RECURSION = YES;
				CLANG_WARN_INT_CONVERSION = YES;
				CLANG_WARN_NON_LITERAL_NULL_CONVERSION = YES;
				CLANG_WARN_OBJC_IMPLICIT_RETAIN_SELF = YES;
				CLANG_WARN_OBJC_LITERAL_CONVERSION = YES;
				CLANG_WARN_OBJC_ROOT_CLASS = YES_ERROR;
				CLANG_WARN_QUOTED_INCLUDE_IN_FRAMEWORK_HEADER = YES;
				CLANG_WARN_RANGE_LOOP_ANALYSIS = YES;
				CLANG_WARN_STRICT_PROTOTYPES = YES;
				CLANG_WARN_SUSPICIOUS_MOVE = YES;
				CLANG_WARN_UNGUARDED_AVAILABILITY = YES_AGGRESSIVE;
				CLANG_WARN_UNREACHABLE_CODE = YES;
				CLANG_WARN__DUPLICATE_METHOD_MATCH = YES;
				COPY_PHASE_STRIP = NO;
				DEBUG_INFORMATION_FORMAT = dwarf;
				ENABLE_STRICT_OBJC_MSGSEND = YES;
				ENABLE_TESTABILITY = YES;
				GCC_C_LANGUAGE_STANDARD = gnu11;
				GCC_DYNAMIC_NO_PIC = NO;
				GCC_NO_COMMON_BLOCKS = YES;
				GCC_OPTIMIZATION_LEVEL = 0;
				GCC_PREPROCESSOR_DEFINITIONS = (
					"DEBUG=1",
					"$(inherited)",
				);
				GCC_WARN_64_TO_32_BIT_CONVERSION = YES;
				GCC_WARN_ABOUT_RETURN_TYPE = YES_ERROR;
				GCC_WARN_UNDECLARED_SELECTOR = YES;
				GCC_WARN_UNINITIALIZED_AUTOS = YES_AGGRESSIVE;
				GCC_WARN_UNUSED_FUNCTION = YES;
				GCC_WARN_UNUSED_VARIABLE = YES;
				IPHONEOS_DEPLOYMENT_TARGET = 16.0;
				MTL_ENABLE_DEBUG_INFO = INCLUDE_SOURCE;
				MTL_FAST_MATH = YES;
				ONLY_ACTIVE_ARCH = YES;
				SDKROOT = iphoneos;
				SWIFT_ACTIVE_COMPILATION_CONDITIONS = DEBUG;
				SWIFT_OPTIMIZATION_LEVEL = "-Onone";
			};
			name = Debug;
		};
		560C57C22AEB508000E85AFE /* Release */ = {
			isa = XCBuildConfiguration;
			buildSettings = {
				ALWAYS_SEARCH_USER_PATHS = NO;
				CLANG_ANALYZER_NONNULL = YES;
				CLANG_ANALYZER_NUMBER_OBJECT_CONVERSION = YES_AGGRESSIVE;
				CLANG_CXX_LANGUAGE_STANDARD = "gnu++20";
				CLANG_ENABLE_MODULES = YES;
				CLANG_ENABLE_OBJC_ARC = YES;
				CLANG_ENABLE_OBJC_WEAK = YES;
				CLANG_WARN_BLOCK_CAPTURE_AUTORELEASING = YES;
				CLANG_WARN_BOOL_CONVERSION = YES;
				CLANG_WARN_COMMA = YES;
				CLANG_WARN_CONSTANT_CONVERSION = YES;
				CLANG_WARN_DEPRECATED_OBJC_IMPLEMENTATIONS = YES;
				CLANG_WARN_DIRECT_OBJC_ISA_USAGE = YES_ERROR;
				CLANG_WARN_DOCUMENTATION_COMMENTS = YES;
				CLANG_WARN_EMPTY_BODY = YES;
				CLANG_WARN_ENUM_CONVERSION = YES;
				CLANG_WARN_INFINITE_RECURSION = YES;
				CLANG_WARN_INT_CONVERSION = YES;
				CLANG_WARN_NON_LITERAL_NULL_CONVERSION = YES;
				CLANG_WARN_OBJC_IMPLICIT_RETAIN_SELF = YES;
				CLANG_WARN_OBJC_LITERAL_CONVERSION = YES;
				CLANG_WARN_OBJC_ROOT_CLASS = YES_ERROR;
				CLANG_WARN_QUOTED_INCLUDE_IN_FRAMEWORK_HEADER = YES;
				CLANG_WARN_RANGE_LOOP_ANALYSIS = YES;
				CLANG_WARN_STRICT_PROTOTYPES = YES;
				CLANG_WARN_SUSPICIOUS_MOVE = YES;
				CLANG_WARN_UNGUARDED_AVAILABILITY = YES_AGGRESSIVE;
				CLANG_WARN_UNREACHABLE_CODE = YES;
				CLANG_WARN__DUPLICATE_METHOD_MATCH = YES;
				COPY_PHASE_STRIP = NO;
				DEBUG_INFORMATION_FORMAT = "dwarf-with-dsym";
				ENABLE_NS_ASSERTIONS = NO;
				ENABLE_STRICT_OBJC_MSGSEND = YES;
				GCC_C_LANGUAGE_STANDARD = gnu11;
				GCC_NO_COMMON_BLOCKS = YES;
				GCC_WARN_64_TO_32_BIT_CONVERSION = YES;
				GCC_WARN_ABOUT_RETURN_TYPE = YES_ERROR;
				GCC_WARN_UNDECLARED_SELECTOR = YES;
				GCC_WARN_UNINITIALIZED_AUTOS = YES_AGGRESSIVE;
				GCC_WARN_UNUSED_FUNCTION = YES;
				GCC_WARN_UNUSED_VARIABLE = YES;
				IPHONEOS_DEPLOYMENT_TARGET = 16.0;
				MTL_ENABLE_DEBUG_INFO = NO;
				MTL_FAST_MATH = YES;
				SDKROOT = iphoneos;
				SWIFT_COMPILATION_MODE = wholemodule;
				SWIFT_OPTIMIZATION_LEVEL = "-O";
				VALIDATE_PRODUCT = YES;
			};
			name = Release;
		};
		560C57C42AEB508000E85AFE /* Debug */ = {
			isa = XCBuildConfiguration;
			baseConfigurationReference = 375FB5B897CE0C424D15F14D /* Pods-ProjetoAppBatelMovie.debug.xcconfig */;
			buildSettings = {
				ASSETCATALOG_COMPILER_APPICON_NAME = AppIcon;
				ASSETCATALOG_COMPILER_GLOBAL_ACCENT_COLOR_NAME = AccentColor;
				CODE_SIGN_STYLE = Automatic;
				CURRENT_PROJECT_VERSION = 1;
				DEVELOPMENT_TEAM = GB2CY3HPJ4;
				GENERATE_INFOPLIST_FILE = YES;
				INFOPLIST_FILE = ProjetoAppBatelMovie/Info.plist;
				INFOPLIST_KEY_UIApplicationSupportsIndirectInputEvents = YES;
				INFOPLIST_KEY_UILaunchStoryboardName = LaunchScreen;
				INFOPLIST_KEY_UIMainStoryboardFile = "";
				INFOPLIST_KEY_UISupportedInterfaceOrientations_iPad = "UIInterfaceOrientationPortrait UIInterfaceOrientationPortraitUpsideDown UIInterfaceOrientationLandscapeLeft UIInterfaceOrientationLandscapeRight";
				INFOPLIST_KEY_UISupportedInterfaceOrientations_iPhone = "UIInterfaceOrientationPortrait UIInterfaceOrientationLandscapeLeft UIInterfaceOrientationLandscapeRight";
				LD_RUNPATH_SEARCH_PATHS = (
					"$(inherited)",
					"@executable_path/Frameworks",
				);
				MARKETING_VERSION = 1.0;
				PRODUCT_BUNDLE_IDENTIFIER = RicardoMassaki.ProjetoAppBatelMovie;
				PRODUCT_NAME = "$(TARGET_NAME)";
				SUPPORTED_PLATFORMS = "iphoneos iphonesimulator";
				SUPPORTS_MACCATALYST = NO;
				SUPPORTS_MAC_DESIGNED_FOR_IPHONE_IPAD = NO;
				SWIFT_EMIT_LOC_STRINGS = YES;
				SWIFT_VERSION = 5.0;
				TARGETED_DEVICE_FAMILY = 1;
			};
			name = Debug;
		};
		560C57C52AEB508000E85AFE /* Release */ = {
			isa = XCBuildConfiguration;
			baseConfigurationReference = 6F6E4B94A499D3ECF508BE69 /* Pods-ProjetoAppBatelMovie.release.xcconfig */;
			buildSettings = {
				ASSETCATALOG_COMPILER_APPICON_NAME = AppIcon;
				ASSETCATALOG_COMPILER_GLOBAL_ACCENT_COLOR_NAME = AccentColor;
				CODE_SIGN_STYLE = Automatic;
				CURRENT_PROJECT_VERSION = 1;
				DEVELOPMENT_TEAM = GB2CY3HPJ4;
				GENERATE_INFOPLIST_FILE = YES;
				INFOPLIST_FILE = ProjetoAppBatelMovie/Info.plist;
				INFOPLIST_KEY_UIApplicationSupportsIndirectInputEvents = YES;
				INFOPLIST_KEY_UILaunchStoryboardName = LaunchScreen;
				INFOPLIST_KEY_UIMainStoryboardFile = "";
				INFOPLIST_KEY_UISupportedInterfaceOrientations_iPad = "UIInterfaceOrientationPortrait UIInterfaceOrientationPortraitUpsideDown UIInterfaceOrientationLandscapeLeft UIInterfaceOrientationLandscapeRight";
				INFOPLIST_KEY_UISupportedInterfaceOrientations_iPhone = "UIInterfaceOrientationPortrait UIInterfaceOrientationLandscapeLeft UIInterfaceOrientationLandscapeRight";
				LD_RUNPATH_SEARCH_PATHS = (
					"$(inherited)",
					"@executable_path/Frameworks",
				);
				MARKETING_VERSION = 1.0;
				PRODUCT_BUNDLE_IDENTIFIER = RicardoMassaki.ProjetoAppBatelMovie;
				PRODUCT_NAME = "$(TARGET_NAME)";
				SUPPORTED_PLATFORMS = "iphoneos iphonesimulator";
				SUPPORTS_MACCATALYST = NO;
				SUPPORTS_MAC_DESIGNED_FOR_IPHONE_IPAD = NO;
				SWIFT_EMIT_LOC_STRINGS = YES;
				SWIFT_VERSION = 5.0;
				TARGETED_DEVICE_FAMILY = 1;
			};
			name = Release;
		};
/* End XCBuildConfiguration section */

/* Begin XCConfigurationList section */
		560C57AA2AEB507E00E85AFE /* Build configuration list for PBXProject "ProjetoAppBatelMovie" */ = {
			isa = XCConfigurationList;
			buildConfigurations = (
				560C57C12AEB508000E85AFE /* Debug */,
				560C57C22AEB508000E85AFE /* Release */,
			);
			defaultConfigurationIsVisible = 0;
			defaultConfigurationName = Release;
		};
		560C57C32AEB508000E85AFE /* Build configuration list for PBXNativeTarget "ProjetoAppBatelMovie" */ = {
			isa = XCConfigurationList;
			buildConfigurations = (
				560C57C42AEB508000E85AFE /* Debug */,
				560C57C52AEB508000E85AFE /* Release */,
			);
			defaultConfigurationIsVisible = 0;
			defaultConfigurationName = Release;
		};
/* End XCConfigurationList section */

/* Begin XCRemoteSwiftPackageReference section */
		560C57C62AEB574500E85AFE /* XCRemoteSwiftPackageReference "firebase-ios-sdk" */ = {
			isa = XCRemoteSwiftPackageReference;
			repositoryURL = "https://github.com/firebase/firebase-ios-sdk.git";
			requirement = {
				kind = upToNextMajorVersion;
				minimumVersion = 9.0.0;
			};
		};
		560C57CB2AEB57DF00E85AFE /* XCRemoteSwiftPackageReference "SDWebImage" */ = {
			isa = XCRemoteSwiftPackageReference;
			repositoryURL = "https://github.com/SDWebImage/SDWebImage.git";
			requirement = {
				kind = upToNextMajorVersion;
				minimumVersion = 5.0.0;
			};
		};
/* End XCRemoteSwiftPackageReference section */

/* Begin XCSwiftPackageProductDependency section */
		560C57C72AEB574500E85AFE /* FirebaseAuth */ = {
			isa = XCSwiftPackageProductDependency;
			package = 560C57C62AEB574500E85AFE /* XCRemoteSwiftPackageReference "firebase-ios-sdk" */;
			productName = FirebaseAuth;
		};
		560C57C92AEB574500E85AFE /* FirebaseFirestore */ = {
			isa = XCSwiftPackageProductDependency;
			package = 560C57C62AEB574500E85AFE /* XCRemoteSwiftPackageReference "firebase-ios-sdk" */;
			productName = FirebaseFirestore;
		};
		560C57CC2AEB57DF00E85AFE /* SDWebImage */ = {
			isa = XCSwiftPackageProductDependency;
			package = 560C57CB2AEB57DF00E85AFE /* XCRemoteSwiftPackageReference "SDWebImage" */;
			productName = SDWebImage;
		};
		560C57CE2AEB57DF00E85AFE /* SDWebImageMapKit */ = {
			isa = XCSwiftPackageProductDependency;
			package = 560C57CB2AEB57DF00E85AFE /* XCRemoteSwiftPackageReference "SDWebImage" */;
			productName = SDWebImageMapKit;
		};
/* End XCSwiftPackageProductDependency section */
	};
	rootObject = 560C57A72AEB507E00E85AFE /* Project object */;
}
